
Microsoft Visual Studio Solution File, Format Version 12.00
# Visual Studio 2015
Project("{FAE04EC0-301F-11D3-BF4B-00C04F79EFBC}") = "OrdinaryRPG.CSharp.Plugins", "OrdinaryRPG.CSharp.Plugins.csproj", "{6DF61140-0ECD-F30A-87BE-545B95AEF1C3}"
EndProject
Project("{FAE04EC0-301F-11D3-BF4B-00C04F79EFBC}") = "OrdinaryRPG.CSharp", "OrdinaryRPG.CSharp.csproj", "{485B0E5B-A5B9-D9C5-4FD4-CA8B0FC2F733}"
EndProject
Global
	GlobalSection(SolutionConfigurationPlatforms) = preSolution
		Debug|Any CPU = Debug|Any CPU
		Release|Any CPU = Release|Any CPU
	EndGlobalSection
	GlobalSection(ProjectConfigurationPlatforms) = postSolution
		{6DF61140-0ECD-F30A-87BE-545B95AEF1C3}.Debug|Any CPU.ActiveCfg = Debug|Any CPU
		{6DF61140-0ECD-F30A-87BE-545B95AEF1C3}.Debug|Any CPU.Build.0 = Debug|Any CPU
		{6DF61140-0ECD-F30A-87BE-545B95AEF1C3}.Release|Any CPU.ActiveCfg = Release|Any CPU
		{6DF61140-0ECD-F30A-87BE-545B95AEF1C3}.Release|Any CPU.Build.0 = Release|Any CPU
		{485B0E5B-A5B9-D9C5-4FD4-CA8B0FC2F733}.Debug|Any CPU.ActiveCfg = Debug|Any CPU
		{485B0E5B-A5B9-D9C5-4FD4-CA8B0FC2F733}.Debug|Any CPU.Build.0 = Debug|Any CPU
		{485B0E5B-A5B9-D9C5-4FD4-CA8B0FC2F733}.Release|Any CPU.ActiveCfg = Release|Any CPU
		{485B0E5B-A5B9-D9C5-4FD4-CA8B0FC2F733}.Release|Any CPU.Build.0 = Release|Any CPU
	EndGlobalSection
	GlobalSection(SolutionProperties) = preSolution
		HideSolutionNode = FALSE
	EndGlobalSection
EndGlobal
